// !$*UTF8*$!
{
	archiveVersion = 1;
	classes = {
	};
	objectVersion = 56;
	objects = {

/* Begin PBXBuildFile section */
		6E2C30512BEADFFB000E66FF /* Assets.xcassets in Resources */ = {isa = PBXBuildFile; fileRef = 6E2C30502BEADFFB000E66FF /* Assets.xcassets */; };
		6E2C30542BEADFFB000E66FF /* Preview Assets.xcassets in Resources */ = {isa = PBXBuildFile; fileRef = 6E2C30532BEADFFB000E66FF /* Preview Assets.xcassets */; };
		6E2C305B2BF05EEC000E66FF /* network_manager.swift in Sources */ = {isa = PBXBuildFile; fileRef = 6E2C305A2BF05EEC000E66FF /* network_manager.swift */; };
		6ECE83CE2C13C17700A5E506 /* UserView.swift in Sources */ = {isa = PBXBuildFile; fileRef = 6ECE83CD2C13C17700A5E506 /* UserView.swift */; };
		6ECE83D02C13C18F00A5E506 /* SignUpview.swift in Sources */ = {isa = PBXBuildFile; fileRef = 6ECE83CF2C13C18F00A5E506 /* SignUpview.swift */; };
		6ECE83D22C13C19C00A5E506 /* Graphs.swift in Sources */ = {isa = PBXBuildFile; fileRef = 6ECE83D12C13C19C00A5E506 /* Graphs.swift */; };
		E3BCF28C2C13E24F00B35163 /* PokemonCell.swift in Sources */ = {isa = PBXBuildFile; fileRef = E3BCF28B2C13E24F00B35163 /* PokemonCell.swift */; };
		E3BCF28E2C13E99600B35163 /* PokedexView.swift in Sources */ = {isa = PBXBuildFile; fileRef = E3BCF28D2C13E99600B35163 /* PokedexView.swift */; };
		E3BCF2902C13F2D000B35163 /* Pokemon.swift in Sources */ = {isa = PBXBuildFile; fileRef = E3BCF28F2C13F2D000B35163 /* Pokemon.swift */; };
		E3BCF2922C13F59C00B35163 /* PokemonViewModel.swift in Sources */ = {isa = PBXBuildFile; fileRef = E3BCF2912C13F59C00B35163 /* PokemonViewModel.swift */; };
		E3BCF2942C13FD2600B35163 /* PruebaAPI.swift in Sources */ = {isa = PBXBuildFile; fileRef = E3BCF2932C13FD2600B35163 /* PruebaAPI.swift */; };
/* End PBXBuildFile section */

/* Begin PBXFileReference section */
		6E2C30492BEADFFA000E66FF /* poke-adventru.app */ = {isa = PBXFileReference; explicitFileType = wrapper.application; includeInIndex = 0; path = "poke-adventru.app"; sourceTree = BUILT_PRODUCTS_DIR; };
		6E2C30502BEADFFB000E66FF /* Assets.xcassets */ = {isa = PBXFileReference; lastKnownFileType = folder.assetcatalog; path = Assets.xcassets; sourceTree = "<group>"; };
		6E2C30532BEADFFB000E66FF /* Preview Assets.xcassets */ = {isa = PBXFileReference; lastKnownFileType = folder.assetcatalog; path = "Preview Assets.xcassets"; sourceTree = "<group>"; };
		6E2C305A2BF05EEC000E66FF /* network_manager.swift */ = {isa = PBXFileReference; lastKnownFileType = sourcecode.swift; path = network_manager.swift; sourceTree = "<group>"; };
		6ECE83CD2C13C17700A5E506 /* UserView.swift */ = {isa = PBXFileReference; lastKnownFileType = sourcecode.swift; path = UserView.swift; sourceTree = "<group>"; };
		6ECE83CF2C13C18F00A5E506 /* SignUpview.swift */ = {isa = PBXFileReference; lastKnownFileType = sourcecode.swift; path = SignUpview.swift; sourceTree = "<group>"; };
		6ECE83D12C13C19C00A5E506 /* Graphs.swift */ = {isa = PBXFileReference; lastKnownFileType = sourcecode.swift; path = Graphs.swift; sourceTree = "<group>"; };
		E3BCF28B2C13E24F00B35163 /* PokemonCell.swift */ = {isa = PBXFileReference; lastKnownFileType = sourcecode.swift; path = PokemonCell.swift; sourceTree = "<group>"; };
		E3BCF28D2C13E99600B35163 /* PokedexView.swift */ = {isa = PBXFileReference; lastKnownFileType = sourcecode.swift; path = PokedexView.swift; sourceTree = "<group>"; };
		E3BCF28F2C13F2D000B35163 /* Pokemon.swift */ = {isa = PBXFileReference; lastKnownFileType = sourcecode.swift; path = Pokemon.swift; sourceTree = "<group>"; };
		E3BCF2912C13F59C00B35163 /* PokemonViewModel.swift */ = {isa = PBXFileReference; lastKnownFileType = sourcecode.swift; path = PokemonViewModel.swift; sourceTree = "<group>"; };
		E3BCF2932C13FD2600B35163 /* PruebaAPI.swift */ = {isa = PBXFileReference; lastKnownFileType = sourcecode.swift; path = PruebaAPI.swift; sourceTree = "<group>"; };
/* End PBXFileReference section */

/* Begin PBXFrameworksBuildPhase section */
		6E2C30462BEADFFA000E66FF /* Frameworks */ = {
			isa = PBXFrameworksBuildPhase;
			buildActionMask = 2147483647;
			files = (
			);
			runOnlyForDeploymentPostprocessing = 0;
		};
/* End PBXFrameworksBuildPhase section */

/* Begin PBXGroup section */
		6E2C30402BEADFFA000E66FF = {
			isa = PBXGroup;
			children = (
				6ECE83D12C13C19C00A5E506 /* Graphs.swift */,
				6ECE83CF2C13C18F00A5E506 /* SignUpview.swift */,
				6ECE83CD2C13C17700A5E506 /* UserView.swift */,
				6E2C305A2BF05EEC000E66FF /* network_manager.swift */,
				6E2C304B2BEADFFA000E66FF /* poke-adventru */,
				6E2C304A2BEADFFA000E66FF /* Products */,
			);
			sourceTree = "<group>";
		};
		6E2C304A2BEADFFA000E66FF /* Products */ = {
			isa = PBXGroup;
			children = (
				6E2C30492BEADFFA000E66FF /* poke-adventru.app */,
			);
			name = Products;
			sourceTree = "<group>";
		};
		6E2C304B2BEADFFA000E66FF /* poke-adventru */ = {
			isa = PBXGroup;
			children = (
				E3BCF2932C13FD2600B35163 /* PruebaAPI.swift */,
				6ECE83D32C13CA3700A5E506 /* View */,
				6ECE83D42C13CA4100A5E506 /* ViewModel */,
				6ECE83D52C13CA6100A5E506 /* Model */,
				6E2C30502BEADFFB000E66FF /* Assets.xcassets */,
				6E2C30522BEADFFB000E66FF /* Preview Content */,
			);
			path = "poke-adventru";
			sourceTree = "<group>";
		};
		6E2C30522BEADFFB000E66FF /* Preview Content */ = {
			isa = PBXGroup;
			children = (
				6E2C30532BEADFFB000E66FF /* Preview Assets.xcassets */,
			);
			path = "Preview Content";
			sourceTree = "<group>";
		};
		6ECE83D32C13CA3700A5E506 /* View */ = {
			isa = PBXGroup;
			children = (
				E3BCF28B2C13E24F00B35163 /* PokemonCell.swift */,
				E3BCF28D2C13E99600B35163 /* PokedexView.swift */,
			);
			path = View;
			sourceTree = "<group>";
		};
		6ECE83D42C13CA4100A5E506 /* ViewModel */ = {
			isa = PBXGroup;
			children = (
				E3BCF2912C13F59C00B35163 /* PokemonViewModel.swift */,
			);
			path = ViewModel;
			sourceTree = "<group>";
		};
		6ECE83D52C13CA6100A5E506 /* Model */ = {
			isa = PBXGroup;
			children = (
				E3BCF28F2C13F2D000B35163 /* Pokemon.swift */,
			);
			path = Model;
			sourceTree = "<group>";
		};
/* End PBXGroup section */

/* Begin PBXNativeTarget section */
		6E2C30482BEADFFA000E66FF /* poke-adventru */ = {
			isa = PBXNativeTarget;
			buildConfigurationList = 6E2C30572BEADFFB000E66FF /* Build configuration list for PBXNativeTarget "poke-adventru" */;
			buildPhases = (
				6E2C30452BEADFFA000E66FF /* Sources */,
				6E2C30462BEADFFA000E66FF /* Frameworks */,
				6E2C30472BEADFFA000E66FF /* Resources */,
			);
			buildRules = (
			);
			dependencies = (
			);
			name = "poke-adventru";
			productName = "poke-adventru";
			productReference = 6E2C30492BEADFFA000E66FF /* poke-adventru.app */;
			productType = "com.apple.product-type.application";
		};
/* End PBXNativeTarget section */

/* Begin PBXProject section */
		6E2C30412BEADFFA000E66FF /* Project object */ = {
			isa = PBXProject;
			attributes = {
				BuildIndependentTargetsInParallel = 1;
				LastSwiftUpdateCheck = 1530;
				LastUpgradeCheck = 1530;
				TargetAttributes = {
					6E2C30482BEADFFA000E66FF = {
						CreatedOnToolsVersion = 15.3;
					};
				};
			};
			buildConfigurationList = 6E2C30442BEADFFA000E66FF /* Build configuration list for PBXProject "poke-adventru" */;
			compatibilityVersion = "Xcode 14.0";
			developmentRegion = en;
			hasScannedForEncodings = 0;
			knownRegions = (
				en,
				Base,
			);
			mainGroup = 6E2C30402BEADFFA000E66FF;
			productRefGroup = 6E2C304A2BEADFFA000E66FF /* Products */;
			projectDirPath = "";
			projectRoot = "";
			targets = (
				6E2C30482BEADFFA000E66FF /* poke-adventru */,
			);
		};
/* End PBXProject section */

/* Begin PBXResourcesBuildPhase section */
		6E2C30472BEADFFA000E66FF /* Resources */ = {
			isa = PBXResourcesBuildPhase;
			buildActionMask = 2147483647;
			files = (
				6E2C30542BEADFFB000E66FF /* Preview Assets.xcassets in Resources */,
				6E2C30512BEADFFB000E66FF /* Assets.xcassets in Resources */,
			);
			runOnlyForDeploymentPostprocessing = 0;
		};
/* End PBXResourcesBuildPhase section */

/* Begin PBXSourcesBuildPhase section */
		6E2C30452BEADFFA000E66FF /* Sources */ = {
			isa = PBXSourcesBuildPhase;
			buildActionMask = 2147483647;
			files = (
				E3BCF2942C13FD2600B35163 /* PruebaAPI.swift in Sources */,
				6ECE83D22C13C19C00A5E506 /* Graphs.swift in Sources */,
				6ECE83D02C13C18F00A5E506 /* SignUpview.swift in Sources */,
				6E2C305B2BF05EEC000E66FF /* network_manager.swift in Sources */,
				E3BCF2902C13F2D000B35163 /* Pokemon.swift in Sources */,
				E3BCF2922C13F59C00B35163 /* PokemonViewModel.swift in Sources */,
				E3BCF28C2C13E24F00B35163 /* PokemonCell.swift in Sources */,
				6ECE83CE2C13C17700A5E506 /* UserView.swift in Sources */,
				E3BCF28E2C13E99600B35163 /* PokedexView.swift in Sources */,
			);
			runOnlyForDeploymentPostprocessing = 0;
		};
/* End PBXSourcesBuildPhase section */

/* Begin XCBuildConfiguration section */
		6E2C30552BEADFFB000E66FF /* Debug */ = {
			isa = XCBuildConfiguration;
			buildSettings = {
				ALWAYS_SEARCH_USER_PATHS = NO;
				ASSETCATALOG_COMPILER_GENERATE_SWIFT_ASSET_SYMBOL_EXTENSIONS = YES;
				CLANG_ANALYZER_NONNULL = YES;
				CLANG_ANALYZER_NUMBER_OBJECT_CONVERSION = YES_AGGRESSIVE;
				CLANG_CXX_LANGUAGE_STANDARD = "gnu++20";
				CLANG_ENABLE_MODULES = YES;
				CLANG_ENABLE_OBJC_ARC = YES;
				CLANG_ENABLE_OBJC_WEAK = YES;
				CLANG_WARN_BLOCK_CAPTURE_AUTORELEASING = YES;
				CLANG_WARN_BOOL_CONVERSION = YES;
				CLANG_WARN_COMMA = YES;
				CLANG_WARN_CONSTANT_CONVERSION = YES;
				CLANG_WARN_DEPRECATED_OBJC_IMPLEMENTATIONS = YES;
				CLANG_WARN_DIRECT_OBJC_ISA_USAGE = YES_ERROR;
				CLANG_WARN_DOCUMENTATION_COMMENTS = YES;
				CLANG_WARN_EMPTY_BODY = YES;
				CLANG_WARN_ENUM_CONVERSION = YES;
				CLANG_WARN_INFINITE_RECURSION = YES;
				CLANG_WARN_INT_CONVERSION = YES;
				CLANG_WARN_NON_LITERAL_NULL_CONVERSION = YES;
				CLANG_WARN_OBJC_IMPLICIT_RETAIN_SELF = YES;
				CLANG_WARN_OBJC_LITERAL_CONVERSION = YES;
				CLANG_WARN_OBJC_ROOT_CLASS = YES_ERROR;
				CLANG_WARN_QUOTED_INCLUDE_IN_FRAMEWORK_HEADER = YES;
				CLANG_WARN_RANGE_LOOP_ANALYSIS = YES;
				CLANG_WARN_STRICT_PROTOTYPES = YES;
				CLANG_WARN_SUSPICIOUS_MOVE = YES;
				CLANG_WARN_UNGUARDED_AVAILABILITY = YES_AGGRESSIVE;
				CLANG_WARN_UNREACHABLE_CODE = YES;
				CLANG_WARN__DUPLICATE_METHOD_MATCH = YES;
				COPY_PHASE_STRIP = NO;
				DEBUG_INFORMATION_FORMAT = dwarf;
				ENABLE_STRICT_OBJC_MSGSEND = YES;
				ENABLE_TESTABILITY = YES;
				ENABLE_USER_SCRIPT_SANDBOXING = YES;
				GCC_C_LANGUAGE_STANDARD = gnu17;
				GCC_DYNAMIC_NO_PIC = NO;
				GCC_NO_COMMON_BLOCKS = YES;
				GCC_OPTIMIZATION_LEVEL = 0;
				GCC_PREPROCESSOR_DEFINITIONS = (
					"DEBUG=1",
					"$(inherited)",
				);
				GCC_WARN_64_TO_32_BIT_CONVERSION = YES;
				GCC_WARN_ABOUT_RETURN_TYPE = YES_ERROR;
				GCC_WARN_UNDECLARED_SELECTOR = YES;
				GCC_WARN_UNINITIALIZED_AUTOS = YES_AGGRESSIVE;
				GCC_WARN_UNUSED_FUNCTION = YES;
				GCC_WARN_UNUSED_VARIABLE = YES;
				IPHONEOS_DEPLOYMENT_TARGET = 17.4;
				LOCALIZATION_PREFERS_STRING_CATALOGS = YES;
				MTL_ENABLE_DEBUG_INFO = INCLUDE_SOURCE;
				MTL_FAST_MATH = YES;
				ONLY_ACTIVE_ARCH = YES;
				SDKROOT = iphoneos;
				SWIFT_ACTIVE_COMPILATION_CONDITIONS = "DEBUG $(inherited)";
				SWIFT_OPTIMIZATION_LEVEL = "-Onone";
			};
			name = Debug;
		};
		6E2C30562BEADFFB000E66FF /* Release */ = {
			isa = XCBuildConfiguration;
			buildSettings = {
				ALWAYS_SEARCH_USER_PATHS = NO;
				ASSETCATALOG_COMPILER_GENERATE_SWIFT_ASSET_SYMBOL_EXTENSIONS = YES;
				CLANG_ANALYZER_NONNULL = YES;
				CLANG_ANALYZER_NUMBER_OBJECT_CONVERSION = YES_AGGRESSIVE;
				CLANG_CXX_LANGUAGE_STANDARD = "gnu++20";
				CLANG_ENABLE_MODULES = YES;
				CLANG_ENABLE_OBJC_ARC = YES;
				CLANG_ENABLE_OBJC_WEAK = YES;
				CLANG_WARN_BLOCK_CAPTURE_AUTORELEASING = YES;
				CLANG_WARN_BOOL_CONVERSION = YES;
				CLANG_WARN_COMMA = YES;
				CLANG_WARN_CONSTANT_CONVERSION = YES;
				CLANG_WARN_DEPRECATED_OBJC_IMPLEMENTATIONS = YES;
				CLANG_WARN_DIRECT_OBJC_ISA_USAGE = YES_ERROR;
				CLANG_WARN_DOCUMENTATION_COMMENTS = YES;
				CLANG_WARN_EMPTY_BODY = YES;
				CLANG_WARN_ENUM_CONVERSION = YES;
				CLANG_WARN_INFINITE_RECURSION = YES;
				CLANG_WARN_INT_CONVERSION = YES;
				CLANG_WARN_NON_LITERAL_NULL_CONVERSION = YES;
				CLANG_WARN_OBJC_IMPLICIT_RETAIN_SELF = YES;
				CLANG_WARN_OBJC_LITERAL_CONVERSION = YES;
				CLANG_WARN_OBJC_ROOT_CLASS = YES_ERROR;
				CLANG_WARN_QUOTED_INCLUDE_IN_FRAMEWORK_HEADER = YES;
				CLANG_WARN_RANGE_LOOP_ANALYSIS = YES;
				CLANG_WARN_STRICT_PROTOTYPES = YES;
				CLANG_WARN_SUSPICIOUS_MOVE = YES;
				CLANG_WARN_UNGUARDED_AVAILABILITY = YES_AGGRESSIVE;
				CLANG_WARN_UNREACHABLE_CODE = YES;
				CLANG_WARN__DUPLICATE_METHOD_MATCH = YES;
				COPY_PHASE_STRIP = NO;
				DEBUG_INFORMATION_FORMAT = "dwarf-with-dsym";
				ENABLE_NS_ASSERTIONS = NO;
				ENABLE_STRICT_OBJC_MSGSEND = YES;
				ENABLE_USER_SCRIPT_SANDBOXING = YES;
				GCC_C_LANGUAGE_STANDARD = gnu17;
				GCC_NO_COMMON_BLOCKS = YES;
				GCC_WARN_64_TO_32_BIT_CONVERSION = YES;
				GCC_WARN_ABOUT_RETURN_TYPE = YES_ERROR;
				GCC_WARN_UNDECLARED_SELECTOR = YES;
				GCC_WARN_UNINITIALIZED_AUTOS = YES_AGGRESSIVE;
				GCC_WARN_UNUSED_FUNCTION = YES;
				GCC_WARN_UNUSED_VARIABLE = YES;
				IPHONEOS_DEPLOYMENT_TARGET = 17.4;
				LOCALIZATION_PREFERS_STRING_CATALOGS = YES;
				MTL_ENABLE_DEBUG_INFO = NO;
				MTL_FAST_MATH = YES;
				SDKROOT = iphoneos;
				SWIFT_COMPILATION_MODE = wholemodule;
				VALIDATE_PRODUCT = YES;
			};
			name = Release;
		};
		6E2C30582BEADFFB000E66FF /* Debug */ = {
			isa = XCBuildConfiguration;
			buildSettings = {
				ASSETCATALOG_COMPILER_APPICON_NAME = AppIcon;
				ASSETCATALOG_COMPILER_GLOBAL_ACCENT_COLOR_NAME = AccentColor;
				CODE_SIGN_STYLE = Automatic;
				CURRENT_PROJECT_VERSION = 1;
				DEVELOPMENT_ASSET_PATHS = "\"poke-adventru/Preview Content\"";
				DEVELOPMENT_TEAM = UU5C968SH2;
				ENABLE_PREVIEWS = YES;
				GENERATE_INFOPLIST_FILE = YES;
				INFOPLIST_KEY_UIApplicationSceneManifest_Generation = YES;
				INFOPLIST_KEY_UIApplicationSupportsIndirectInputEvents = YES;
				INFOPLIST_KEY_UILaunchScreen_Generation = YES;
				INFOPLIST_KEY_UISupportedInterfaceOrientations_iPad = "UIInterfaceOrientationPortrait UIInterfaceOrientationPortraitUpsideDown UIInterfaceOrientationLandscapeLeft UIInterfaceOrientationLandscapeRight";
				INFOPLIST_KEY_UISupportedInterfaceOrientations_iPhone = "UIInterfaceOrientationPortrait UIInterfaceOrientationLandscapeLeft UIInterfaceOrientationLandscapeRight";
				LD_RUNPATH_SEARCH_PATHS = (
					"$(inherited)",
					"@executable_path/Frameworks",
				);
				MARKETING_VERSION = 1.0;
				PRODUCT_BUNDLE_IDENTIFIER = "com.0212511.poke-adventru";
				PRODUCT_NAME = "$(TARGET_NAME)";
				SWIFT_EMIT_LOC_STRINGS = YES;
				SWIFT_VERSION = 5.0;
				TARGETED_DEVICE_FAMILY = "1,2";
			};
			name = Debug;
		};
		6E2C30592BEADFFB000E66FF /* Release */ = {
			isa = XCBuildConfiguration;
			buildSettings = {
				ASSETCATALOG_COMPILER_APPICON_NAME = AppIcon;
				ASSETCATALOG_COMPILER_GLOBAL_ACCENT_COLOR_NAME = AccentColor;
				CODE_SIGN_STYLE = Automatic;
				CURRENT_PROJECT_VERSION = 1;
				DEVELOPMENT_ASSET_PATHS = "\"poke-adventru/Preview Content\"";
				DEVELOPMENT_TEAM = UU5C968SH2;
				ENABLE_PREVIEWS = YES;
				GENERATE_INFOPLIST_FILE = YES;
				INFOPLIST_KEY_UIApplicationSceneManifest_Generation = YES;
				INFOPLIST_KEY_UIApplicationSupportsIndirectInputEvents = YES;
				INFOPLIST_KEY_UILaunchScreen_Generation = YES;
				INFOPLIST_KEY_UISupportedInterfaceOrientations_iPad = "UIInterfaceOrientationPortrait UIInterfaceOrientationPortraitUpsideDown UIInterfaceOrientationLandscapeLeft UIInterfaceOrientationLandscapeRight";
				INFOPLIST_KEY_UISupportedInterfaceOrientations_iPhone = "UIInterfaceOrientationPortrait UIInterfaceOrientationLandscapeLeft UIInterfaceOrientationLandscapeRight";
				LD_RUNPATH_SEARCH_PATHS = (
					"$(inherited)",
					"@executable_path/Frameworks",
				);
				MARKETING_VERSION = 1.0;
				PRODUCT_BUNDLE_IDENTIFIER = "com.0212511.poke-adventru";
				PRODUCT_NAME = "$(TARGET_NAME)";
				SWIFT_EMIT_LOC_STRINGS = YES;
				SWIFT_VERSION = 5.0;
				TARGETED_DEVICE_FAMILY = "1,2";
			};
			name = Release;
		};
/* End XCBuildConfiguration section */

/* Begin XCConfigurationList section */
		6E2C30442BEADFFA000E66FF /* Build configuration list for PBXProject "poke-adventru" */ = {
			isa = XCConfigurationList;
			buildConfigurations = (
				6E2C30552BEADFFB000E66FF /* Debug */,
				6E2C30562BEADFFB000E66FF /* Release */,
			);
			defaultConfigurationIsVisible = 0;
			defaultConfigurationName = Release;
		};
		6E2C30572BEADFFB000E66FF /* Build configuration list for PBXNativeTarget "poke-adventru" */ = {
			isa = XCConfigurationList;
			buildConfigurations = (
				6E2C30582BEADFFB000E66FF /* Debug */,
				6E2C30592BEADFFB000E66FF /* Release */,
			);
			defaultConfigurationIsVisible = 0;
			defaultConfigurationName = Release;
		};
/* End XCConfigurationList section */
	};
	rootObject = 6E2C30412BEADFFA000E66FF /* Project object */;
}
